
Microsoft Visual Studio Solution File, Format Version 12.00
# Visual Studio Version 17
VisualStudioVersion = 17.4.33213.308
MinimumVisualStudioVersion = 10.0.40219.1
Project("{FAE04EC0-301F-11D3-BF4B-00C04F79EFBC}") = "ClinicService", "ClinicService\ClinicService.csproj", "{CA302D49-3CCD-4CC3-B4D2-5B3D3289B477}"
EndProject
Project("{FAE04EC0-301F-11D3-BF4B-00C04F79EFBC}") = "ClinicService.Data", "ClinicService.Data\ClinicService.Data.csproj", "{D0116598-6D83-4D80-B523-65BC8B20C449}"
EndProject
Project("{FAE04EC0-301F-11D3-BF4B-00C04F79EFBC}") = "ClinicClient", "ClinicClient\ClinicClient.csproj", "{C05A620F-2886-4923-896B-6EC35811DA48}"
EndProject
Global
	GlobalSection(SolutionConfigurationPlatforms) = preSolution
		Debug|Any CPU = Debug|Any CPU
		Release|Any CPU = Release|Any CPU
	EndGlobalSection
	GlobalSection(ProjectConfigurationPlatforms) = postSolution
		{CA302D49-3CCD-4CC3-B4D2-5B3D3289B477}.Debug|Any CPU.ActiveCfg = Debug|Any CPU
		{CA302D49-3CCD-4CC3-B4D2-5B3D3289B477}.Debug|Any CPU.Build.0 = Debug|Any CPU
		{CA302D49-3CCD-4CC3-B4D2-5B3D3289B477}.Release|Any CPU.ActiveCfg = Release|Any CPU
		{CA302D49-3CCD-4CC3-B4D2-5B3D3289B477}.Release|Any CPU.Build.0 = Release|Any CPU
		{D0116598-6D83-4D80-B523-65BC8B20C449}.Debug|Any CPU.ActiveCfg = Debug|Any CPU
		{D0116598-6D83-4D80-B523-65BC8B20C449}.Debug|Any CPU.Build.0 = Debug|Any CPU
		{D0116598-6D83-4D80-B523-65BC8B20C449}.Release|Any CPU.ActiveCfg = Release|Any CPU
		{D0116598-6D83-4D80-B523-65BC8B20C449}.Release|Any CPU.Build.0 = Release|Any CPU
		{C05A620F-2886-4923-896B-6EC35811DA48}.Debug|Any CPU.ActiveCfg = Debug|Any CPU
		{C05A620F-2886-4923-896B-6EC35811DA48}.Debug|Any CPU.Build.0 = Debug|Any CPU
		{C05A620F-2886-4923-896B-6EC35811DA48}.Release|Any CPU.ActiveCfg = Release|Any CPU
		{C05A620F-2886-4923-896B-6EC35811DA48}.Release|Any CPU.Build.0 = Release|Any CPU
	EndGlobalSection
	GlobalSection(SolutionProperties) = preSolution
		HideSolutionNode = FALSE
	EndGlobalSection
	GlobalSection(ExtensibilityGlobals) = postSolution
		SolutionGuid = {AA8200EB-8C17-4533-8C71-11A62DA21950}
	EndGlobalSection
EndGlobal
